
Microsoft Visual Studio Solution File, Format Version 12.00
# Visual Studio Version 17
VisualStudioVersion = 17.6.33815.320
MinimumVisualStudioVersion = 10.0.40219.1
Project("{FAE04EC0-301F-11D3-BF4B-00C04F79EFBC}") = "Monogame 1 - Assignment", "Monogame 1 - Assignment.csproj", "{7156EBB2-AEE9-4921-A331-79B8B187396B}"
EndProject
Global
	GlobalSection(SolutionConfigurationPlatforms) = preSolution
		Debug|Any CPU = Debug|Any CPU
		Release|Any CPU = Release|Any CPU
	EndGlobalSection
	GlobalSection(ProjectConfigurationPlatforms) = postSolution
		{7156EBB2-AEE9-4921-A331-79B8B187396B}.Debug|Any CPU.ActiveCfg = Debug|Any CPU
		{7156EBB2-AEE9-4921-A331-79B8B187396B}.Debug|Any CPU.Build.0 = Debug|Any CPU
		{7156EBB2-AEE9-4921-A331-79B8B187396B}.Release|Any CPU.ActiveCfg = Release|Any CPU
		{7156EBB2-AEE9-4921-A331-79B8B187396B}.Release|Any CPU.Build.0 = Release|Any CPU
	EndGlobalSection
	GlobalSection(SolutionProperties) = preSolution
		HideSolutionNode = FALSE
	EndGlobalSection
	GlobalSection(ExtensibilityGlobals) = postSolution
		SolutionGuid = {23243545-F7CD-4B11-8839-33BA90B90A5F}
	EndGlobalSection
EndGlobal
